
Microsoft Visual Studio Solution File, Format Version 12.00
# Visual Studio Version 17
VisualStudioVersion = 17.10.35004.147
MinimumVisualStudioVersion = 10.0.40219.1
Project("{FAE04EC0-301F-11D3-BF4B-00C04F79EFBC}") = "ManagementClinic", "ManagementClinic\ManagementClinic.csproj", "{A967B790-CDD6-48EA-9A82-B55D651A61C2}"
EndProject
Global
	GlobalSection(SolutionConfigurationPlatforms) = preSolution
		Debug|Any CPU = Debug|Any CPU
		Release|Any CPU = Release|Any CPU
	EndGlobalSection
	GlobalSection(ProjectConfigurationPlatforms) = postSolution
		{A967B790-CDD6-48EA-9A82-B55D651A61C2}.Debug|Any CPU.ActiveCfg = Debug|Any CPU
		{A967B790-CDD6-48EA-9A82-B55D651A61C2}.Debug|Any CPU.Build.0 = Debug|Any CPU
		{A967B790-CDD6-48EA-9A82-B55D651A61C2}.Release|Any CPU.ActiveCfg = Release|Any CPU
		{A967B790-CDD6-48EA-9A82-B55D651A61C2}.Release|Any CPU.Build.0 = Release|Any CPU
	EndGlobalSection
	GlobalSection(SolutionProperties) = preSolution
		HideSolutionNode = FALSE
	EndGlobalSection
	GlobalSection(ExtensibilityGlobals) = postSolution
		SolutionGuid = {261D2F8F-02A0-4B01-AEBD-A0F5D69717B2}
	EndGlobalSection
EndGlobal
